{
    "_meta": {
        "hash": {
            "sha256": "8fe561b5ecb85f804770d8956c36202a26285d92f0a7100eda5ef5a278b429c2"
        },
        "pipfile-spec": 1,
        "requires": {},
        "sources": [
            {
                "url": "https://pypi.python.org/simple",
                "verify_ssl": true
            }
        ]
    },
    "default": {
        "certifi": {
            "version": "==2018.1.18"
        },
        "chardet": {
            "version": "==3.0.4"
        },
        "click": {
            "version": "==6.7"
        },
        "idna": {
            "version": "==2.6"
        },
        "ksamsok": {
            "version": "==0.5.1"
        },
        "lxml": {
            "version": "==4.1.1"
        },
        "requests": {
            "version": "==2.18.4"
        },
        "urllib3": {
            "version": "==1.22"
        }
    },
    "develop": {}
}
